// !$*UTF8*$!
{
	archiveVersion = 1;
	classes = {
	};
	objectVersion = 46;
	objects = {

/* Begin PBXBuildFile section */
		22E4F108BF58821FC8731E94 /* libPods-UIDesign.a in Frameworks */ = {isa = PBXBuildFile; fileRef = 3142AE617BFF92D50EB61393 /* libPods-UIDesign.a */; };
		336F6CCA1D62D8CD00B4B705 /* DetailCell.m in Sources */ = {isa = PBXBuildFile; fileRef = 336F6CC91D62D8CD00B4B705 /* DetailCell.m */; };
		336F6CCE1D644DBA00B4B705 /* ImageCell.m in Sources */ = {isa = PBXBuildFile; fileRef = 336F6CCD1D644DBA00B4B705 /* ImageCell.m */; };
		33A2887F1D6885E500DABADA /* PriceCell.m in Sources */ = {isa = PBXBuildFile; fileRef = 33A2887E1D6885E500DABADA /* PriceCell.m */; };
		33A288821D68A28000DABADA /* bankCell.m in Sources */ = {isa = PBXBuildFile; fileRef = 33A288811D68A28000DABADA /* bankCell.m */; };
		33AF42561D69E9C000FDCF0A /* MoreCell.m in Sources */ = {isa = PBXBuildFile; fileRef = 33AF42551D69E9C000FDCF0A /* MoreCell.m */; };
		33BF1C1C1D5EF95C0001AE35 /* NextViewController.m in Sources */ = {isa = PBXBuildFile; fileRef = 33BF1C1B1D5EF95C0001AE35 /* NextViewController.m */; };
		33C694011D6B3B330005AE5F /* LessCell.m in Sources */ = {isa = PBXBuildFile; fileRef = 33C694001D6B3B330005AE5F /* LessCell.m */; };
		33EB058F1D5D4D6A005A02EB /* main.m in Sources */ = {isa = PBXBuildFile; fileRef = 33EB058E1D5D4D6A005A02EB /* main.m */; };
		33EB05921D5D4D6A005A02EB /* AppDelegate.m in Sources */ = {isa = PBXBuildFile; fileRef = 33EB05911D5D4D6A005A02EB /* AppDelegate.m */; };
		33EB05951D5D4D6A005A02EB /* ViewController.m in Sources */ = {isa = PBXBuildFile; fileRef = 33EB05941D5D4D6A005A02EB /* ViewController.m */; };
		33EB05981D5D4D6A005A02EB /* Main.storyboard in Resources */ = {isa = PBXBuildFile; fileRef = 33EB05961D5D4D6A005A02EB /* Main.storyboard */; };
		33EB059A1D5D4D6A005A02EB /* Assets.xcassets in Resources */ = {isa = PBXBuildFile; fileRef = 33EB05991D5D4D6A005A02EB /* Assets.xcassets */; };
		33EB059D1D5D4D6A005A02EB /* LaunchScreen.storyboard in Resources */ = {isa = PBXBuildFile; fileRef = 33EB059B1D5D4D6A005A02EB /* LaunchScreen.storyboard */; };
		33EB05A81D5D4D6A005A02EB /* UIDesignTests.m in Sources */ = {isa = PBXBuildFile; fileRef = 33EB05A71D5D4D6A005A02EB /* UIDesignTests.m */; };
		33EB05B31D5D4D6A005A02EB /* UIDesignUITests.m in Sources */ = {isa = PBXBuildFile; fileRef = 33EB05B21D5D4D6A005A02EB /* UIDesignUITests.m */; };
/* End PBXBuildFile section */

/* Begin PBXContainerItemProxy section */
		33EB05A41D5D4D6A005A02EB /* PBXContainerItemProxy */ = {
			isa = PBXContainerItemProxy;
			containerPortal = 33EB05821D5D4D6A005A02EB /* Project object */;
			proxyType = 1;
			remoteGlobalIDString = 33EB05891D5D4D6A005A02EB;
			remoteInfo = UIDesign;
		};
		33EB05AF1D5D4D6A005A02EB /* PBXContainerItemProxy */ = {
			isa = PBXContainerItemProxy;
			containerPortal = 33EB05821D5D4D6A005A02EB /* Project object */;
			proxyType = 1;
			remoteGlobalIDString = 33EB05891D5D4D6A005A02EB;
			remoteInfo = UIDesign;
		};
/* End PBXContainerItemProxy section */

/* Begin PBXFileReference section */
		00CB857AEC8003458F5BE27A /* Pods-UIDesign.debug.xcconfig */ = {isa = PBXFileReference; includeInIndex = 1; lastKnownFileType = text.xcconfig; name = "Pods-UIDesign.debug.xcconfig"; path = "Pods/Target Support Files/Pods-UIDesign/Pods-UIDesign.debug.xcconfig"; sourceTree = "<group>"; };
		3142AE617BFF92D50EB61393 /* libPods-UIDesign.a */ = {isa = PBXFileReference; explicitFileType = archive.ar; includeInIndex = 0; path = "libPods-UIDesign.a"; sourceTree = BUILT_PRODUCTS_DIR; };
		336F6CC81D62D8CD00B4B705 /* DetailCell.h */ = {isa = PBXFileReference; fileEncoding = 4; lastKnownFileType = sourcecode.c.h; path = DetailCell.h; sourceTree = "<group>"; };
		336F6CC91D62D8CD00B4B705 /* DetailCell.m */ = {isa = PBXFileReference; fileEncoding = 4; lastKnownFileType = sourcecode.c.objc; path = DetailCell.m; sourceTree = "<group>"; };
		336F6CCB1D643D6300B4B705 /* Define.h */ = {isa = PBXFileReference; lastKnownFileType = sourcecode.c.h; path = Define.h; sourceTree = "<group>"; };
		336F6CCC1D644DBA00B4B705 /* ImageCell.h */ = {isa = PBXFileReference; fileEncoding = 4; lastKnownFileType = sourcecode.c.h; path = ImageCell.h; sourceTree = "<group>"; };
		336F6CCD1D644DBA00B4B705 /* ImageCell.m */ = {isa = PBXFileReference; fileEncoding = 4; lastKnownFileType = sourcecode.c.objc; path = ImageCell.m; sourceTree = "<group>"; };
		33A2887D1D6885E500DABADA /* PriceCell.h */ = {isa = PBXFileReference; fileEncoding = 4; lastKnownFileType = sourcecode.c.h; path = PriceCell.h; sourceTree = "<group>"; };
		33A2887E1D6885E500DABADA /* PriceCell.m */ = {isa = PBXFileReference; fileEncoding = 4; lastKnownFileType = sourcecode.c.objc; path = PriceCell.m; sourceTree = "<group>"; };
		33A288801D68A28000DABADA /* bankCell.h */ = {isa = PBXFileReference; fileEncoding = 4; lastKnownFileType = sourcecode.c.h; path = bankCell.h; sourceTree = "<group>"; };
		33A288811D68A28000DABADA /* bankCell.m */ = {isa = PBXFileReference; fileEncoding = 4; lastKnownFileType = sourcecode.c.objc; path = bankCell.m; sourceTree = "<group>"; };
		33AF42541D69E9C000FDCF0A /* MoreCell.h */ = {isa = PBXFileReference; fileEncoding = 4; lastKnownFileType = sourcecode.c.h; path = MoreCell.h; sourceTree = "<group>"; };
		33AF42551D69E9C000FDCF0A /* MoreCell.m */ = {isa = PBXFileReference; fileEncoding = 4; lastKnownFileType = sourcecode.c.objc; path = MoreCell.m; sourceTree = "<group>"; };
		33BF1C1A1D5EF95C0001AE35 /* NextViewController.h */ = {isa = PBXFileReference; fileEncoding = 4; lastKnownFileType = sourcecode.c.h; path = NextViewController.h; sourceTree = "<group>"; };
		33BF1C1B1D5EF95C0001AE35 /* NextViewController.m */ = {isa = PBXFileReference; fileEncoding = 4; lastKnownFileType = sourcecode.c.objc; path = NextViewController.m; sourceTree = "<group>"; };
		33C693FF1D6B3B330005AE5F /* LessCell.h */ = {isa = PBXFileReference; fileEncoding = 4; lastKnownFileType = sourcecode.c.h; path = LessCell.h; sourceTree = "<group>"; };
		33C694001D6B3B330005AE5F /* LessCell.m */ = {isa = PBXFileReference; fileEncoding = 4; lastKnownFileType = sourcecode.c.objc; path = LessCell.m; sourceTree = "<group>"; };
		33EB058A1D5D4D6A005A02EB /* UIDesign.app */ = {isa = PBXFileReference; explicitFileType = wrapper.application; includeInIndex = 0; path = UIDesign.app; sourceTree = BUILT_PRODUCTS_DIR; };
		33EB058E1D5D4D6A005A02EB /* main.m */ = {isa = PBXFileReference; lastKnownFileType = sourcecode.c.objc; path = main.m; sourceTree = "<group>"; };
		33EB05901D5D4D6A005A02EB /* AppDelegate.h */ = {isa = PBXFileReference; lastKnownFileType = sourcecode.c.h; path = AppDelegate.h; sourceTree = "<group>"; };
		33EB05911D5D4D6A005A02EB /* AppDelegate.m */ = {isa = PBXFileReference; lastKnownFileType = sourcecode.c.objc; path = AppDelegate.m; sourceTree = "<group>"; };
		33EB05931D5D4D6A005A02EB /* ViewController.h */ = {isa = PBXFileReference; lastKnownFileType = sourcecode.c.h; path = ViewController.h; sourceTree = "<group>"; };
		33EB05941D5D4D6A005A02EB /* ViewController.m */ = {isa = PBXFileReference; lastKnownFileType = sourcecode.c.objc; path = ViewController.m; sourceTree = "<group>"; };
		33EB05971D5D4D6A005A02EB /* Base */ = {isa = PBXFileReference; lastKnownFileType = file.storyboard; name = Base; path = Base.lproj/Main.storyboard; sourceTree = "<group>"; };
		33EB05991D5D4D6A005A02EB /* Assets.xcassets */ = {isa = PBXFileReference; lastKnownFileType = folder.assetcatalog; path = Assets.xcassets; sourceTree = "<group>"; };
		33EB059C1D5D4D6A005A02EB /* Base */ = {isa = PBXFileReference; lastKnownFileType = file.storyboard; name = Base; path = Base.lproj/LaunchScreen.storyboard; sourceTree = "<group>"; };
		33EB059E1D5D4D6A005A02EB /* Info.plist */ = {isa = PBXFileReference; lastKnownFileType = text.plist.xml; path = Info.plist; sourceTree = "<group>"; };
		33EB05A31D5D4D6A005A02EB /* UIDesignTests.xctest */ = {isa = PBXFileReference; explicitFileType = wrapper.cfbundle; includeInIndex = 0; path = UIDesignTests.xctest; sourceTree = BUILT_PRODUCTS_DIR; };
		33EB05A71D5D4D6A005A02EB /* UIDesignTests.m */ = {isa = PBXFileReference; lastKnownFileType = sourcecode.c.objc; path = UIDesignTests.m; sourceTree = "<group>"; };
		33EB05A91D5D4D6A005A02EB /* Info.plist */ = {isa = PBXFileReference; lastKnownFileType = text.plist.xml; path = Info.plist; sourceTree = "<group>"; };
		33EB05AE1D5D4D6A005A02EB /* UIDesignUITests.xctest */ = {isa = PBXFileReference; explicitFileType = wrapper.cfbundle; includeInIndex = 0; path = UIDesignUITests.xctest; sourceTree = BUILT_PRODUCTS_DIR; };
		33EB05B21D5D4D6A005A02EB /* UIDesignUITests.m */ = {isa = PBXFileReference; lastKnownFileType = sourcecode.c.objc; path = UIDesignUITests.m; sourceTree = "<group>"; };
		33EB05B41D5D4D6A005A02EB /* Info.plist */ = {isa = PBXFileReference; lastKnownFileType = text.plist.xml; path = Info.plist; sourceTree = "<group>"; };
		6F0F9B3188FF9C2DC4FA3D24 /* Pods-UIDesign.release.xcconfig */ = {isa = PBXFileReference; includeInIndex = 1; lastKnownFileType = text.xcconfig; name = "Pods-UIDesign.release.xcconfig"; path = "Pods/Target Support Files/Pods-UIDesign/Pods-UIDesign.release.xcconfig"; sourceTree = "<group>"; };
/* End PBXFileReference section */

/* Begin PBXFrameworksBuildPhase section */
		33EB05871D5D4D6A005A02EB /* Frameworks */ = {
			isa = PBXFrameworksBuildPhase;
			buildActionMask = 2147483647;
			files = (
				22E4F108BF58821FC8731E94 /* libPods-UIDesign.a in Frameworks */,
			);
			runOnlyForDeploymentPostprocessing = 0;
		};
		33EB05A01D5D4D6A005A02EB /* Frameworks */ = {
			isa = PBXFrameworksBuildPhase;
			buildActionMask = 2147483647;
			files = (
			);
			runOnlyForDeploymentPostprocessing = 0;
		};
		33EB05AB1D5D4D6A005A02EB /* Frameworks */ = {
			isa = PBXFrameworksBuildPhase;
			buildActionMask = 2147483647;
			files = (
			);
			runOnlyForDeploymentPostprocessing = 0;
		};
/* End PBXFrameworksBuildPhase section */

/* Begin PBXGroup section */
		336F6CC71D62D8B000B4B705 /* view */ = {
			isa = PBXGroup;
			children = (
				336F6CC81D62D8CD00B4B705 /* DetailCell.h */,
				336F6CC91D62D8CD00B4B705 /* DetailCell.m */,
				336F6CCC1D644DBA00B4B705 /* ImageCell.h */,
				336F6CCD1D644DBA00B4B705 /* ImageCell.m */,
				33A2887D1D6885E500DABADA /* PriceCell.h */,
				33A2887E1D6885E500DABADA /* PriceCell.m */,
				33A288801D68A28000DABADA /* bankCell.h */,
				33A288811D68A28000DABADA /* bankCell.m */,
				33AF42541D69E9C000FDCF0A /* MoreCell.h */,
				33AF42551D69E9C000FDCF0A /* MoreCell.m */,
				33C693FF1D6B3B330005AE5F /* LessCell.h */,
				33C694001D6B3B330005AE5F /* LessCell.m */,
			);
			name = view;
			sourceTree = "<group>";
		};
		33BF1C1D1D5EF9680001AE35 /* Ctrl */ = {
			isa = PBXGroup;
			children = (
				33BF1C1E1D5EF9770001AE35 /* Ctrl */,
				33EB05931D5D4D6A005A02EB /* ViewController.h */,
				33EB05941D5D4D6A005A02EB /* ViewController.m */,
			);
			name = Ctrl;
			sourceTree = "<group>";
		};
		33BF1C1E1D5EF9770001AE35 /* Ctrl */ = {
			isa = PBXGroup;
			children = (
				336F6CC71D62D8B000B4B705 /* view */,
				33BF1C1A1D5EF95C0001AE35 /* NextViewController.h */,
				33BF1C1B1D5EF95C0001AE35 /* NextViewController.m */,
			);
			name = Ctrl;
			sourceTree = "<group>";
		};
		33EB05811D5D4D6A005A02EB = {
			isa = PBXGroup;
			children = (
				33EB058C1D5D4D6A005A02EB /* UIDesign */,
				33EB05A61D5D4D6A005A02EB /* UIDesignTests */,
				33EB05B11D5D4D6A005A02EB /* UIDesignUITests */,
				33EB058B1D5D4D6A005A02EB /* Products */,
				8B664B8D1008094A50AB5EB6 /* Pods */,
				841893EFDCAD429FA7ABC1EB /* Frameworks */,
			);
			sourceTree = "<group>";
		};
		33EB058B1D5D4D6A005A02EB /* Products */ = {
			isa = PBXGroup;
			children = (
				33EB058A1D5D4D6A005A02EB /* UIDesign.app */,
				33EB05A31D5D4D6A005A02EB /* UIDesignTests.xctest */,
				33EB05AE1D5D4D6A005A02EB /* UIDesignUITests.xctest */,
			);
			name = Products;
			sourceTree = "<group>";
		};
		33EB058C1D5D4D6A005A02EB /* UIDesign */ = {
			isa = PBXGroup;
			children = (
				33BF1C1D1D5EF9680001AE35 /* Ctrl */,
				33EB05901D5D4D6A005A02EB /* AppDelegate.h */,
				33EB05911D5D4D6A005A02EB /* AppDelegate.m */,
				33EB05961D5D4D6A005A02EB /* Main.storyboard */,
				33EB05991D5D4D6A005A02EB /* Assets.xcassets */,
				33EB059B1D5D4D6A005A02EB /* LaunchScreen.storyboard */,
				33EB059E1D5D4D6A005A02EB /* Info.plist */,
				33EB058D1D5D4D6A005A02EB /* Supporting Files */,
			);
			path = UIDesign;
			sourceTree = "<group>";
		};
		33EB058D1D5D4D6A005A02EB /* Supporting Files */ = {
			isa = PBXGroup;
			children = (
				33EB058E1D5D4D6A005A02EB /* main.m */,
				336F6CCB1D643D6300B4B705 /* Define.h */,
			);
			name = "Supporting Files";
			sourceTree = "<group>";
		};
		33EB05A61D5D4D6A005A02EB /* UIDesignTests */ = {
			isa = PBXGroup;
			children = (
				33EB05A71D5D4D6A005A02EB /* UIDesignTests.m */,
				33EB05A91D5D4D6A005A02EB /* Info.plist */,
			);
			path = UIDesignTests;
			sourceTree = "<group>";
		};
		33EB05B11D5D4D6A005A02EB /* UIDesignUITests */ = {
			isa = PBXGroup;
			children = (
				33EB05B21D5D4D6A005A02EB /* UIDesignUITests.m */,
				33EB05B41D5D4D6A005A02EB /* Info.plist */,
			);
			path = UIDesignUITests;
			sourceTree = "<group>";
		};
		841893EFDCAD429FA7ABC1EB /* Frameworks */ = {
			isa = PBXGroup;
			children = (
				3142AE617BFF92D50EB61393 /* libPods-UIDesign.a */,
			);
			name = Frameworks;
			sourceTree = "<group>";
		};
		8B664B8D1008094A50AB5EB6 /* Pods */ = {
			isa = PBXGroup;
			children = (
				00CB857AEC8003458F5BE27A /* Pods-UIDesign.debug.xcconfig */,
				6F0F9B3188FF9C2DC4FA3D24 /* Pods-UIDesign.release.xcconfig */,
			);
			name = Pods;
			sourceTree = "<group>";
		};
/* End PBXGroup section */

/* Begin PBXNativeTarget section */
		33EB05891D5D4D6A005A02EB /* UIDesign */ = {
			isa = PBXNativeTarget;
			buildConfigurationList = 33EB05B71D5D4D6A005A02EB /* Build configuration list for PBXNativeTarget "UIDesign" */;
			buildPhases = (
				0F9EF9AD85ADF0B82A64D311 /* 📦 Check Pods Manifest.lock */,
				33EB05861D5D4D6A005A02EB /* Sources */,
				33EB05871D5D4D6A005A02EB /* Frameworks */,
				33EB05881D5D4D6A005A02EB /* Resources */,
				C68F02BC6C023F4156AFF459 /* 📦 Embed Pods Frameworks */,
				666A42B5C8B092C02E995541 /* 📦 Copy Pods Resources */,
			);
			buildRules = (
			);
			dependencies = (
			);
			name = UIDesign;
			productName = UIDesign;
			productReference = 33EB058A1D5D4D6A005A02EB /* UIDesign.app */;
			productType = "com.apple.product-type.application";
		};
		33EB05A21D5D4D6A005A02EB /* UIDesignTests */ = {
			isa = PBXNativeTarget;
			buildConfigurationList = 33EB05BA1D5D4D6A005A02EB /* Build configuration list for PBXNativeTarget "UIDesignTests" */;
			buildPhases = (
				33EB059F1D5D4D6A005A02EB /* Sources */,
				33EB05A01D5D4D6A005A02EB /* Frameworks */,
				33EB05A11D5D4D6A005A02EB /* Resources */,
			);
			buildRules = (
			);
			dependencies = (
				33EB05A51D5D4D6A005A02EB /* PBXTargetDependency */,
			);
			name = UIDesignTests;
			productName = UIDesignTests;
			productReference = 33EB05A31D5D4D6A005A02EB /* UIDesignTests.xctest */;
			productType = "com.apple.product-type.bundle.unit-test";
		};
		33EB05AD1D5D4D6A005A02EB /* UIDesignUITests */ = {
			isa = PBXNativeTarget;
			buildConfigurationList = 33EB05BD1D5D4D6A005A02EB /* Build configuration list for PBXNativeTarget "UIDesignUITests" */;
			buildPhases = (
				33EB05AA1D5D4D6A005A02EB /* Sources */,
				33EB05AB1D5D4D6A005A02EB /* Frameworks */,
				33EB05AC1D5D4D6A005A02EB /* Resources */,
			);
			buildRules = (
			);
			dependencies = (
				33EB05B01D5D4D6A005A02EB /* PBXTargetDependency */,
			);
			name = UIDesignUITests;
			productName = UIDesignUITests;
			productReference = 33EB05AE1D5D4D6A005A02EB /* UIDesignUITests.xctest */;
			productType = "com.apple.product-type.bundle.ui-testing";
		};
/* End PBXNativeTarget section */

/* Begin PBXProject section */
		33EB05821D5D4D6A005A02EB /* Project object */ = {
			isa = PBXProject;
			attributes = {
				LastUpgradeCheck = 0730;
				ORGANIZATIONNAME = SJ;
				TargetAttributes = {
					33EB05891D5D4D6A005A02EB = {
						CreatedOnToolsVersion = 7.3.1;
					};
					33EB05A21D5D4D6A005A02EB = {
						CreatedOnToolsVersion = 7.3.1;
						TestTargetID = 33EB05891D5D4D6A005A02EB;
					};
					33EB05AD1D5D4D6A005A02EB = {
						CreatedOnToolsVersion = 7.3.1;
						TestTargetID = 33EB05891D5D4D6A005A02EB;
					};
				};
			};
			buildConfigurationList = 33EB05851D5D4D6A005A02EB /* Build configuration list for PBXProject "UIDesign" */;
			compatibilityVersion = "Xcode 3.2";
			developmentRegion = English;
			hasScannedForEncodings = 0;
			knownRegions = (
				en,
				Base,
			);
			mainGroup = 33EB05811D5D4D6A005A02EB;
			productRefGroup = 33EB058B1D5D4D6A005A02EB /* Products */;
			projectDirPath = "";
			projectRoot = "";
			targets = (
				33EB05891D5D4D6A005A02EB /* UIDesign */,
				33EB05A21D5D4D6A005A02EB /* UIDesignTests */,
				33EB05AD1D5D4D6A005A02EB /* UIDesignUITests */,
			);
		};
/* End PBXProject section */

/* Begin PBXResourcesBuildPhase section */
		33EB05881D5D4D6A005A02EB /* Resources */ = {
			isa = PBXResourcesBuildPhase;
			buildActionMask = 2147483647;
			files = (
				33EB059D1D5D4D6A005A02EB /* LaunchScreen.storyboard in Resources */,
				33EB059A1D5D4D6A005A02EB /* Assets.xcassets in Resources */,
				33EB05981D5D4D6A005A02EB /* Main.storyboard in Resources */,
			);
			runOnlyForDeploymentPostprocessing = 0;
		};
		33EB05A11D5D4D6A005A02EB /* Resources */ = {
			isa = PBXResourcesBuildPhase;
			buildActionMask = 2147483647;
			files = (
			);
			runOnlyForDeploymentPostprocessing = 0;
		};
		33EB05AC1D5D4D6A005A02EB /* Resources */ = {
			isa = PBXResourcesBuildPhase;
			buildActionMask = 2147483647;
			files = (
			);
			runOnlyForDeploymentPostprocessing = 0;
		};
/* End PBXResourcesBuildPhase section */

/* Begin PBXShellScriptBuildPhase section */
		0F9EF9AD85ADF0B82A64D311 /* 📦 Check Pods Manifest.lock */ = {
			isa = PBXShellScriptBuildPhase;
			buildActionMask = 2147483647;
			files = (
			);
			inputPaths = (
			);
			name = "📦 Check Pods Manifest.lock";
			outputPaths = (
			);
			runOnlyForDeploymentPostprocessing = 0;
			shellPath = /bin/sh;
			shellScript = "diff \"${PODS_ROOT}/../Podfile.lock\" \"${PODS_ROOT}/Manifest.lock\" > /dev/null\nif [[ $? != 0 ]] ; then\n    cat << EOM\nerror: The sandbox is not in sync with the Podfile.lock. Run 'pod install' or update your CocoaPods installation.\nEOM\n    exit 1\nfi\n";
			showEnvVarsInLog = 0;
		};
		666A42B5C8B092C02E995541 /* 📦 Copy Pods Resources */ = {
			isa = PBXShellScriptBuildPhase;
			buildActionMask = 2147483647;
			files = (
			);
			inputPaths = (
			);
			name = "📦 Copy Pods Resources";
			outputPaths = (
			);
			runOnlyForDeploymentPostprocessing = 0;
			shellPath = /bin/sh;
			shellScript = "\"${SRCROOT}/Pods/Target Support Files/Pods-UIDesign/Pods-UIDesign-resources.sh\"\n";
			showEnvVarsInLog = 0;
		};
		C68F02BC6C023F4156AFF459 /* 📦 Embed Pods Frameworks */ = {
			isa = PBXShellScriptBuildPhase;
			buildActionMask = 2147483647;
			files = (
			);
			inputPaths = (
			);
			name = "📦 Embed Pods Frameworks";
			outputPaths = (
			);
			runOnlyForDeploymentPostprocessing = 0;
			shellPath = /bin/sh;
			shellScript = "\"${SRCROOT}/Pods/Target Support Files/Pods-UIDesign/Pods-UIDesign-frameworks.sh\"\n";
			showEnvVarsInLog = 0;
		};
/* End PBXShellScriptBuildPhase section */

/* Begin PBXSourcesBuildPhase section */
		33EB05861D5D4D6A005A02EB /* Sources */ = {
			isa = PBXSourcesBuildPhase;
			buildActionMask = 2147483647;
			files = (
				33AF42561D69E9C000FDCF0A /* MoreCell.m in Sources */,
				33EB05951D5D4D6A005A02EB /* ViewController.m in Sources */,
				33A288821D68A28000DABADA /* bankCell.m in Sources */,
				336F6CCE1D644DBA00B4B705 /* ImageCell.m in Sources */,
				33C694011D6B3B330005AE5F /* LessCell.m in Sources */,
				33BF1C1C1D5EF95C0001AE35 /* NextViewController.m in Sources */,
				336F6CCA1D62D8CD00B4B705 /* DetailCell.m in Sources */,
				33A2887F1D6885E500DABADA /* PriceCell.m in Sources */,
				33EB05921D5D4D6A005A02EB /* AppDelegate.m in Sources */,
				33EB058F1D5D4D6A005A02EB /* main.m in Sources */,
			);
			runOnlyForDeploymentPostprocessing = 0;
		};
		33EB059F1D5D4D6A005A02EB /* Sources */ = {
			isa = PBXSourcesBuildPhase;
			buildActionMask = 2147483647;
			files = (
				33EB05A81D5D4D6A005A02EB /* UIDesignTests.m in Sources */,
			);
			runOnlyForDeploymentPostprocessing = 0;
		};
		33EB05AA1D5D4D6A005A02EB /* Sources */ = {
			isa = PBXSourcesBuildPhase;
			buildActionMask = 2147483647;
			files = (
				33EB05B31D5D4D6A005A02EB /* UIDesignUITests.m in Sources */,
			);
			runOnlyForDeploymentPostprocessing = 0;
		};
/* End PBXSourcesBuildPhase section */

/* Begin PBXTargetDependency section */
		33EB05A51D5D4D6A005A02EB /* PBXTargetDependency */ = {
			isa = PBXTargetDependency;
			target = 33EB05891D5D4D6A005A02EB /* UIDesign */;
			targetProxy = 33EB05A41D5D4D6A005A02EB /* PBXContainerItemProxy */;
		};
		33EB05B01D5D4D6A005A02EB /* PBXTargetDependency */ = {
			isa = PBXTargetDependency;
			target = 33EB05891D5D4D6A005A02EB /* UIDesign */;
			targetProxy = 33EB05AF1D5D4D6A005A02EB /* PBXContainerItemProxy */;
		};
/* End PBXTargetDependency section */

/* Begin PBXVariantGroup section */
		33EB05961D5D4D6A005A02EB /* Main.storyboard */ = {
			isa = PBXVariantGroup;
			children = (
				33EB05971D5D4D6A005A02EB /* Base */,
			);
			name = Main.storyboard;
			sourceTree = "<group>";
		};
		33EB059B1D5D4D6A005A02EB /* LaunchScreen.storyboard */ = {
			isa = PBXVariantGroup;
			children = (
				33EB059C1D5D4D6A005A02EB /* Base */,
			);
			name = LaunchScreen.storyboard;
			sourceTree = "<group>";
		};
/* End PBXVariantGroup section */

/* Begin XCBuildConfiguration section */
		33EB05B51D5D4D6A005A02EB /* Debug */ = {
			isa = XCBuildConfiguration;
			buildSettings = {
				ALWAYS_SEARCH_USER_PATHS = NO;
				CLANG_ANALYZER_NONNULL = YES;
				CLANG_CXX_LANGUAGE_STANDARD = "gnu++0x";
				CLANG_CXX_LIBRARY = "libc++";
				CLANG_ENABLE_MODULES = YES;
				CLANG_ENABLE_OBJC_ARC = YES;
				CLANG_WARN_BOOL_CONVERSION = YES;
				CLANG_WARN_CONSTANT_CONVERSION = YES;
				CLANG_WARN_DIRECT_OBJC_ISA_USAGE = YES_ERROR;
				CLANG_WARN_EMPTY_BODY = YES;
				CLANG_WARN_ENUM_CONVERSION = YES;
				CLANG_WARN_INT_CONVERSION = YES;
				CLANG_WARN_OBJC_ROOT_CLASS = YES_ERROR;
				CLANG_WARN_UNREACHABLE_CODE = YES;
				CLANG_WARN__DUPLICATE_METHOD_MATCH = YES;
				"CODE_SIGN_IDENTITY[sdk=iphoneos*]" = "iPhone Developer";
				COPY_PHASE_STRIP = NO;
				DEBUG_INFORMATION_FORMAT = dwarf;
				ENABLE_STRICT_OBJC_MSGSEND = YES;
				ENABLE_TESTABILITY = YES;
				GCC_C_LANGUAGE_STANDARD = gnu99;
				GCC_DYNAMIC_NO_PIC = NO;
				GCC_NO_COMMON_BLOCKS = YES;
				GCC_OPTIMIZATION_LEVEL = 0;
				GCC_PREPROCESSOR_DEFINITIONS = (
					"DEBUG=1",
					"$(inherited)",
				);
				GCC_WARN_64_TO_32_BIT_CONVERSION = YES;
				GCC_WARN_ABOUT_RETURN_TYPE = YES_ERROR;
				GCC_WARN_UNDECLARED_SELECTOR = YES;
				GCC_WARN_UNINITIALIZED_AUTOS = YES_AGGRESSIVE;
				GCC_WARN_UNUSED_FUNCTION = YES;
				GCC_WARN_UNUSED_VARIABLE = YES;
				IPHONEOS_DEPLOYMENT_TARGET = 9.3;
				MTL_ENABLE_DEBUG_INFO = YES;
				ONLY_ACTIVE_ARCH = YES;
				SDKROOT = iphoneos;
			};
			name = Debug;
		};
		33EB05B61D5D4D6A005A02EB /* Release */ = {
			isa = XCBuildConfiguration;
			buildSettings = {
				ALWAYS_SEARCH_USER_PATHS = NO;
				CLANG_ANALYZER_NONNULL = YES;
				CLANG_CXX_LANGUAGE_STANDARD = "gnu++0x";
				CLANG_CXX_LIBRARY = "libc++";
				CLANG_ENABLE_MODULES = YES;
				CLANG_ENABLE_OBJC_ARC = YES;
				CLANG_WARN_BOOL_CONVERSION = YES;
				CLANG_WARN_CONSTANT_CONVERSION = YES;
				CLANG_WARN_DIRECT_OBJC_ISA_USAGE = YES_ERROR;
				CLANG_WARN_EMPTY_BODY = YES;
				CLANG_WARN_ENUM_CONVERSION = YES;
				CLANG_WARN_INT_CONVERSION = YES;
				CLANG_WARN_OBJC_ROOT_CLASS = YES_ERROR;
				CLANG_WARN_UNREACHABLE_CODE = YES;
				CLANG_WARN__DUPLICATE_METHOD_MATCH = YES;
				"CODE_SIGN_IDENTITY[sdk=iphoneos*]" = "iPhone Developer";
				COPY_PHASE_STRIP = NO;
				DEBUG_INFORMATION_FORMAT = "dwarf-with-dsym";
				ENABLE_NS_ASSERTIONS = NO;
				ENABLE_STRICT_OBJC_MSGSEND = YES;
				GCC_C_LANGUAGE_STANDARD = gnu99;
				GCC_NO_COMMON_BLOCKS = YES;
				GCC_WARN_64_TO_32_BIT_CONVERSION = YES;
				GCC_WARN_ABOUT_RETURN_TYPE = YES_ERROR;
				GCC_WARN_UNDECLARED_SELECTOR = YES;
				GCC_WARN_UNINITIALIZED_AUTOS = YES_AGGRESSIVE;
				GCC_WARN_UNUSED_FUNCTION = YES;
				GCC_WARN_UNUSED_VARIABLE = YES;
				IPHONEOS_DEPLOYMENT_TARGET = 9.3;
				MTL_ENABLE_DEBUG_INFO = NO;
				SDKROOT = iphoneos;
				VALIDATE_PRODUCT = YES;
			};
			name = Release;
		};
		33EB05B81D5D4D6A005A02EB /* Debug */ = {
			isa = XCBuildConfiguration;
			baseConfigurationReference = 00CB857AEC8003458F5BE27A /* Pods-UIDesign.debug.xcconfig */;
			buildSettings = {
				ASSETCATALOG_COMPILER_APPICON_NAME = AppIcon;
				INFOPLIST_FILE = UIDesign/Info.plist;
				LD_RUNPATH_SEARCH_PATHS = "$(inherited) @executable_path/Frameworks";
				PRODUCT_BUNDLE_IDENTIFIER = com.sj.UIDesign;
				PRODUCT_NAME = "$(TARGET_NAME)";
			};
			name = Debug;
		};
		33EB05B91D5D4D6A005A02EB /* Release */ = {
			isa = XCBuildConfiguration;
			baseConfigurationReference = 6F0F9B3188FF9C2DC4FA3D24 /* Pods-UIDesign.release.xcconfig */;
			buildSettings = {
				ASSETCATALOG_COMPILER_APPICON_NAME = AppIcon;
				INFOPLIST_FILE = UIDesign/Info.plist;
				LD_RUNPATH_SEARCH_PATHS = "$(inherited) @executable_path/Frameworks";
				PRODUCT_BUNDLE_IDENTIFIER = com.sj.UIDesign;
				PRODUCT_NAME = "$(TARGET_NAME)";
			};
			name = Release;
		};
		33EB05BB1D5D4D6A005A02EB /* Debug */ = {
			isa = XCBuildConfiguration;
			buildSettings = {
				BUNDLE_LOADER = "$(TEST_HOST)";
				INFOPLIST_FILE = UIDesignTests/Info.plist;
				LD_RUNPATH_SEARCH_PATHS = "$(inherited) @executable_path/Frameworks @loader_path/Frameworks";
				PRODUCT_BUNDLE_IDENTIFIER = com.sj.UIDesignTests;
				PRODUCT_NAME = "$(TARGET_NAME)";
				TEST_HOST = "$(BUILT_PRODUCTS_DIR)/UIDesign.app/UIDesign";
			};
			name = Debug;
		};
		33EB05BC1D5D4D6A005A02EB /* Release */ = {
			isa = XCBuildConfiguration;
			buildSettings = {
				BUNDLE_LOADER = "$(TEST_HOST)";
				INFOPLIST_FILE = UIDesignTests/Info.plist;
				LD_RUNPATH_SEARCH_PATHS = "$(inherited) @executable_path/Frameworks @loader_path/Frameworks";
				PRODUCT_BUNDLE_IDENTIFIER = com.sj.UIDesignTests;
				PRODUCT_NAME = "$(TARGET_NAME)";
				TEST_HOST = "$(BUILT_PRODUCTS_DIR)/UIDesign.app/UIDesign";
			};
			name = Release;
		};
		33EB05BE1D5D4D6A005A02EB /* Debug */ = {
			isa = XCBuildConfiguration;
			buildSettings = {
				INFOPLIST_FILE = UIDesignUITests/Info.plist;
				LD_RUNPATH_SEARCH_PATHS = "$(inherited) @executable_path/Frameworks @loader_path/Frameworks";
				PRODUCT_BUNDLE_IDENTIFIER = com.sj.UIDesignUITests;
				PRODUCT_NAME = "$(TARGET_NAME)";
				TEST_TARGET_NAME = UIDesign;
			};
			name = Debug;
		};
		33EB05BF1D5D4D6A005A02EB /* Release */ = {
			isa = XCBuildConfiguration;
			buildSettings = {
				INFOPLIST_FILE = UIDesignUITests/Info.plist;
				LD_RUNPATH_SEARCH_PATHS = "$(inherited) @executable_path/Frameworks @loader_path/Frameworks";
				PRODUCT_BUNDLE_IDENTIFIER = com.sj.UIDesignUITests;
				PRODUCT_NAME = "$(TARGET_NAME)";
				TEST_TARGET_NAME = UIDesign;
			};
			name = Release;
		};
/* End XCBuildConfiguration section */

/* Begin XCConfigurationList section */
		33EB05851D5D4D6A005A02EB /* Build configuration list for PBXProject "UIDesign" */ = {
			isa = XCConfigurationList;
			buildConfigurations = (
				33EB05B51D5D4D6A005A02EB /* Debug */,
				33EB05B61D5D4D6A005A02EB /* Release */,
			);
			defaultConfigurationIsVisible = 0;
			defaultConfigurationName = Release;
		};
		33EB05B71D5D4D6A005A02EB /* Build configuration list for PBXNativeTarget "UIDesign" */ = {
			isa = XCConfigurationList;
			buildConfigurations = (
				33EB05B81D5D4D6A005A02EB /* Debug */,
				33EB05B91D5D4D6A005A02EB /* Release */,
			);
			defaultConfigurationIsVisible = 0;
			defaultConfigurationName = Release;
		};
		33EB05BA1D5D4D6A005A02EB /* Build configuration list for PBXNativeTarget "UIDesignTests" */ = {
			isa = XCConfigurationList;
			buildConfigurations = (
				33EB05BB1D5D4D6A005A02EB /* Debug */,
				33EB05BC1D5D4D6A005A02EB /* Release */,
			);
			defaultConfigurationIsVisible = 0;
			defaultConfigurationName = Release;
		};
		33EB05BD1D5D4D6A005A02EB /* Build configuration list for PBXNativeTarget "UIDesignUITests" */ = {
			isa = XCConfigurationList;
			buildConfigurations = (
				33EB05BE1D5D4D6A005A02EB /* Debug */,
				33EB05BF1D5D4D6A005A02EB /* Release */,
			);
			defaultConfigurationIsVisible = 0;
			defaultConfigurationName = Release;
		};
/* End XCConfigurationList section */
	};
	rootObject = 33EB05821D5D4D6A005A02EB /* Project object */;
}
